
Microsoft Visual Studio Solution File, Format Version 12.00
# Visual Studio Version 17
VisualStudioVersion = 17.5.33414.496
MinimumVisualStudioVersion = 10.0.40219.1
Project("{FAE04EC0-301F-11D3-BF4B-00C04F79EFBC}") = "Exercicio_Soma_Dias_Entre_Anos", "Exercicio_Soma_Dias_Entre_Anos\Exercicio_Soma_Dias_Entre_Anos.csproj", "{F6DD8256-B8D5-4DE0-A2B9-A2316E725B36}"
EndProject
Global
	GlobalSection(SolutionConfigurationPlatforms) = preSolution
		Debug|Any CPU = Debug|Any CPU
		Release|Any CPU = Release|Any CPU
	EndGlobalSection
	GlobalSection(ProjectConfigurationPlatforms) = postSolution
		{F6DD8256-B8D5-4DE0-A2B9-A2316E725B36}.Debug|Any CPU.ActiveCfg = Debug|Any CPU
		{F6DD8256-B8D5-4DE0-A2B9-A2316E725B36}.Debug|Any CPU.Build.0 = Debug|Any CPU
		{F6DD8256-B8D5-4DE0-A2B9-A2316E725B36}.Release|Any CPU.ActiveCfg = Release|Any CPU
		{F6DD8256-B8D5-4DE0-A2B9-A2316E725B36}.Release|Any CPU.Build.0 = Release|Any CPU
	EndGlobalSection
	GlobalSection(SolutionProperties) = preSolution
		HideSolutionNode = FALSE
	EndGlobalSection
	GlobalSection(ExtensibilityGlobals) = postSolution
		SolutionGuid = {525A91F6-70B7-498E-9936-73E0F3B2CDEE}
	EndGlobalSection
EndGlobal
